
Microsoft Visual Studio Solution File, Format Version 12.00
# Visual Studio Version 16
VisualStudioVersion = 16.0.29905.134
MinimumVisualStudioVersion = 10.0.40219.1
Project("{FAE04EC0-301F-11D3-BF4B-00C04F79EFBC}") = "MasrafOtomasyonu", "MasrafOtomasyonu\MasrafOtomasyonu.csproj", "{F3266B10-1932-47F1-8A98-C5A2C36FFB88}"
EndProject
Project("{FAE04EC0-301F-11D3-BF4B-00C04F79EFBC}") = "DataAccsessLayer", "SqlDataProvider\DataAccsessLayer.csproj", "{3DEED782-B0A0-41D8-87C9-457CE75246E9}"
EndProject
Project("{FAE04EC0-301F-11D3-BF4B-00C04F79EFBC}") = "BusinessLayer", "BusinessLayer\BusinessLayer.csproj", "{494700F7-1EE6-4B8D-9F1B-16E76031B16F}"
EndProject
Project("{FAE04EC0-301F-11D3-BF4B-00C04F79EFBC}") = "Common", "Common\Common.csproj", "{E2C8EFE3-743D-4E22-8605-9EF259131038}"
EndProject
Project("{FAE04EC0-301F-11D3-BF4B-00C04F79EFBC}") = "Entities", "Entities\Entities.csproj", "{425FCE89-8A1B-45FC-BC9F-ABAF3BF6644C}"
EndProject
Global
	GlobalSection(SolutionConfigurationPlatforms) = preSolution
		Debug|Any CPU = Debug|Any CPU
		Release|Any CPU = Release|Any CPU
	EndGlobalSection
	GlobalSection(ProjectConfigurationPlatforms) = postSolution
		{F3266B10-1932-47F1-8A98-C5A2C36FFB88}.Debug|Any CPU.ActiveCfg = Debug|Any CPU
		{F3266B10-1932-47F1-8A98-C5A2C36FFB88}.Debug|Any CPU.Build.0 = Debug|Any CPU
		{F3266B10-1932-47F1-8A98-C5A2C36FFB88}.Release|Any CPU.ActiveCfg = Release|Any CPU
		{F3266B10-1932-47F1-8A98-C5A2C36FFB88}.Release|Any CPU.Build.0 = Release|Any CPU
		{3DEED782-B0A0-41D8-87C9-457CE75246E9}.Debug|Any CPU.ActiveCfg = Debug|Any CPU
		{3DEED782-B0A0-41D8-87C9-457CE75246E9}.Debug|Any CPU.Build.0 = Debug|Any CPU
		{3DEED782-B0A0-41D8-87C9-457CE75246E9}.Release|Any CPU.ActiveCfg = Release|Any CPU
		{3DEED782-B0A0-41D8-87C9-457CE75246E9}.Release|Any CPU.Build.0 = Release|Any CPU
		{494700F7-1EE6-4B8D-9F1B-16E76031B16F}.Debug|Any CPU.ActiveCfg = Debug|Any CPU
		{494700F7-1EE6-4B8D-9F1B-16E76031B16F}.Debug|Any CPU.Build.0 = Debug|Any CPU
		{494700F7-1EE6-4B8D-9F1B-16E76031B16F}.Release|Any CPU.ActiveCfg = Release|Any CPU
		{494700F7-1EE6-4B8D-9F1B-16E76031B16F}.Release|Any CPU.Build.0 = Release|Any CPU
		{E2C8EFE3-743D-4E22-8605-9EF259131038}.Debug|Any CPU.ActiveCfg = Debug|Any CPU
		{E2C8EFE3-743D-4E22-8605-9EF259131038}.Debug|Any CPU.Build.0 = Debug|Any CPU
		{E2C8EFE3-743D-4E22-8605-9EF259131038}.Release|Any CPU.ActiveCfg = Release|Any CPU
		{E2C8EFE3-743D-4E22-8605-9EF259131038}.Release|Any CPU.Build.0 = Release|Any CPU
		{425FCE89-8A1B-45FC-BC9F-ABAF3BF6644C}.Debug|Any CPU.ActiveCfg = Debug|Any CPU
		{425FCE89-8A1B-45FC-BC9F-ABAF3BF6644C}.Debug|Any CPU.Build.0 = Debug|Any CPU
		{425FCE89-8A1B-45FC-BC9F-ABAF3BF6644C}.Release|Any CPU.ActiveCfg = Release|Any CPU
		{425FCE89-8A1B-45FC-BC9F-ABAF3BF6644C}.Release|Any CPU.Build.0 = Release|Any CPU
	EndGlobalSection
	GlobalSection(SolutionProperties) = preSolution
		HideSolutionNode = FALSE
	EndGlobalSection
	GlobalSection(ExtensibilityGlobals) = postSolution
		SolutionGuid = {1F18FFAE-CBD1-466E-88F7-DF08259AF769}
	EndGlobalSection
EndGlobal
